// !$*UTF8*$!
{
	archiveVersion = 1;
	classes = {
	};
	objectVersion = 50;
	objects = {

/* Begin PBXBuildFile section */
		4F45269692BB87E141CB7BEB /* Pods_Moody.framework in Frameworks */ = {isa = PBXBuildFile; fileRef = 751CD2B94313B7B294D7C951 /* Pods_Moody.framework */; };
		B14CDB65209D15BA002275B6 /* AppDelegate.swift in Sources */ = {isa = PBXBuildFile; fileRef = B14CDB64209D15BA002275B6 /* AppDelegate.swift */; };
		B14CDB6A209D15BA002275B6 /* Main.storyboard in Resources */ = {isa = PBXBuildFile; fileRef = B14CDB68209D15BA002275B6 /* Main.storyboard */; };
		B14CDB6C209D15BC002275B6 /* Assets.xcassets in Resources */ = {isa = PBXBuildFile; fileRef = B14CDB6B209D15BC002275B6 /* Assets.xcassets */; };
		B14CDB6F209D15BC002275B6 /* LaunchScreen.storyboard in Resources */ = {isa = PBXBuildFile; fileRef = B14CDB6D209D15BC002275B6 /* LaunchScreen.storyboard */; };
		B14CDB7B209D1747002275B6 /* WeatherDataModel.swift in Sources */ = {isa = PBXBuildFile; fileRef = B14CDB7A209D1747002275B6 /* WeatherDataModel.swift */; };
		B14CDB7E209D3B1B002275B6 /* ChangeCityViewController.swift in Sources */ = {isa = PBXBuildFile; fileRef = B14CDB7D209D3B1B002275B6 /* ChangeCityViewController.swift */; };
		B18DBEE620AB86D80077B2BC /* CollectionViewCell.swift in Sources */ = {isa = PBXBuildFile; fileRef = B18DBEE520AB86D80077B2BC /* CollectionViewCell.swift */; };
		B1E570D720A14815008483C4 /* CustomMessageCell.swift in Sources */ = {isa = PBXBuildFile; fileRef = B1E570D520A14815008483C4 /* CustomMessageCell.swift */; };
		B1E570D820A14815008483C4 /* CustomMessageCell.xib in Resources */ = {isa = PBXBuildFile; fileRef = B1E570D620A14815008483C4 /* CustomMessageCell.xib */; };
		B1E570DA20A5243C008483C4 /* WeatherViewController.swift in Sources */ = {isa = PBXBuildFile; fileRef = B1E570D920A5243C008483C4 /* WeatherViewController.swift */; };
/* End PBXBuildFile section */

/* Begin PBXFileReference section */
		751CD2B94313B7B294D7C951 /* Pods_Moody.framework */ = {isa = PBXFileReference; explicitFileType = wrapper.framework; includeInIndex = 0; path = Pods_Moody.framework; sourceTree = BUILT_PRODUCTS_DIR; };
		8599A003B02D58C6958E1BE0 /* Pods-Moody.release.xcconfig */ = {isa = PBXFileReference; includeInIndex = 1; lastKnownFileType = text.xcconfig; name = "Pods-Moody.release.xcconfig"; path = "Pods/Target Support Files/Pods-Moody/Pods-Moody.release.xcconfig"; sourceTree = "<group>"; };
		B14CDB61209D15BA002275B6 /* Moody.app */ = {isa = PBXFileReference; explicitFileType = wrapper.application; includeInIndex = 0; path = Moody.app; sourceTree = BUILT_PRODUCTS_DIR; };
		B14CDB64209D15BA002275B6 /* AppDelegate.swift */ = {isa = PBXFileReference; lastKnownFileType = sourcecode.swift; path = AppDelegate.swift; sourceTree = "<group>"; };
		B14CDB69209D15BA002275B6 /* Base */ = {isa = PBXFileReference; lastKnownFileType = file.storyboard; name = Base; path = Base.lproj/Main.storyboard; sourceTree = "<group>"; };
		B14CDB6B209D15BC002275B6 /* Assets.xcassets */ = {isa = PBXFileReference; lastKnownFileType = folder.assetcatalog; path = Assets.xcassets; sourceTree = "<group>"; };
		B14CDB6E209D15BC002275B6 /* Base */ = {isa = PBXFileReference; lastKnownFileType = file.storyboard; name = Base; path = Base.lproj/LaunchScreen.storyboard; sourceTree = "<group>"; };
		B14CDB70209D15BC002275B6 /* Info.plist */ = {isa = PBXFileReference; lastKnownFileType = text.plist.xml; path = Info.plist; sourceTree = "<group>"; };
		B14CDB7A209D1747002275B6 /* WeatherDataModel.swift */ = {isa = PBXFileReference; fileEncoding = 4; lastKnownFileType = sourcecode.swift; path = WeatherDataModel.swift; sourceTree = "<group>"; };
		B14CDB7D209D3B1B002275B6 /* ChangeCityViewController.swift */ = {isa = PBXFileReference; fileEncoding = 4; lastKnownFileType = sourcecode.swift; path = ChangeCityViewController.swift; sourceTree = "<group>"; };
		B18DBEE520AB86D80077B2BC /* CollectionViewCell.swift */ = {isa = PBXFileReference; lastKnownFileType = sourcecode.swift; path = CollectionViewCell.swift; sourceTree = "<group>"; };
		B1E570D520A14815008483C4 /* CustomMessageCell.swift */ = {isa = PBXFileReference; lastKnownFileType = sourcecode.swift; path = CustomMessageCell.swift; sourceTree = "<group>"; };
		B1E570D620A14815008483C4 /* CustomMessageCell.xib */ = {isa = PBXFileReference; lastKnownFileType = file.xib; path = CustomMessageCell.xib; sourceTree = "<group>"; };
		B1E570D920A5243C008483C4 /* WeatherViewController.swift */ = {isa = PBXFileReference; fileEncoding = 4; lastKnownFileType = sourcecode.swift; path = WeatherViewController.swift; sourceTree = "<group>"; };
		B5717F6E1285F9940E0B0670 /* Pods-Moody.debug.xcconfig */ = {isa = PBXFileReference; includeInIndex = 1; lastKnownFileType = text.xcconfig; name = "Pods-Moody.debug.xcconfig"; path = "Pods/Target Support Files/Pods-Moody/Pods-Moody.debug.xcconfig"; sourceTree = "<group>"; };
/* End PBXFileReference section */

/* Begin PBXFrameworksBuildPhase section */
		B14CDB5E209D15BA002275B6 /* Frameworks */ = {
			isa = PBXFrameworksBuildPhase;
			buildActionMask = 2147483647;
			files = (
				4F45269692BB87E141CB7BEB /* Pods_Moody.framework in Frameworks */,
			);
			runOnlyForDeploymentPostprocessing = 0;
		};
/* End PBXFrameworksBuildPhase section */

/* Begin PBXGroup section */
		7BC1F19DD79E70467EC42AE7 /* Pods */ = {
			isa = PBXGroup;
			children = (
				B5717F6E1285F9940E0B0670 /* Pods-Moody.debug.xcconfig */,
				8599A003B02D58C6958E1BE0 /* Pods-Moody.release.xcconfig */,
			);
			name = Pods;
			sourceTree = "<group>";
		};
		B14CDB58209D15BA002275B6 = {
			isa = PBXGroup;
			children = (
				B14CDB63209D15BA002275B6 /* Moody */,
				B14CDB62209D15BA002275B6 /* Products */,
				7BC1F19DD79E70467EC42AE7 /* Pods */,
				B52FC21EF4039E1F339A0EFA /* Frameworks */,
			);
			sourceTree = "<group>";
		};
		B14CDB62209D15BA002275B6 /* Products */ = {
			isa = PBXGroup;
			children = (
				B14CDB61209D15BA002275B6 /* Moody.app */,
			);
			name = Products;
			sourceTree = "<group>";
		};
		B14CDB63209D15BA002275B6 /* Moody */ = {
			isa = PBXGroup;
			children = (
				B14CDB7C209D175D002275B6 /* View */,
				B14CDB79209D1707002275B6 /* Model */,
				B14CDB78209D16E7002275B6 /* Controller */,
				B14CDB6B209D15BC002275B6 /* Assets.xcassets */,
				B14CDB6D209D15BC002275B6 /* LaunchScreen.storyboard */,
				B14CDB76209D15CF002275B6 /* Supporting Files */,
			);
			path = Moody;
			sourceTree = "<group>";
		};
		B14CDB76209D15CF002275B6 /* Supporting Files */ = {
			isa = PBXGroup;
			children = (
				B14CDB70209D15BC002275B6 /* Info.plist */,
			);
			path = "Supporting Files";
			sourceTree = "<group>";
		};
		B14CDB78209D16E7002275B6 /* Controller */ = {
			isa = PBXGroup;
			children = (
				B1E570D920A5243C008483C4 /* WeatherViewController.swift */,
				B14CDB7D209D3B1B002275B6 /* ChangeCityViewController.swift */,
				B14CDB64209D15BA002275B6 /* AppDelegate.swift */,
			);
			path = Controller;
			sourceTree = "<group>";
		};
		B14CDB79209D1707002275B6 /* Model */ = {
			isa = PBXGroup;
			children = (
				B14CDB7A209D1747002275B6 /* WeatherDataModel.swift */,
			);
			path = Model;
			sourceTree = "<group>";
		};
		B14CDB7C209D175D002275B6 /* View */ = {
			isa = PBXGroup;
			children = (
				B14CDB68209D15BA002275B6 /* Main.storyboard */,
				B18DBEE520AB86D80077B2BC /* CollectionViewCell.swift */,
				B1E570CC20A12FD6008483C4 /* Custom Cell */,
			);
			path = View;
			sourceTree = "<group>";
		};
		B1E570CC20A12FD6008483C4 /* Custom Cell */ = {
			isa = PBXGroup;
			children = (
				B1E570D520A14815008483C4 /* CustomMessageCell.swift */,
				B1E570D620A14815008483C4 /* CustomMessageCell.xib */,
			);
			path = "Custom Cell";
			sourceTree = "<group>";
		};
		B52FC21EF4039E1F339A0EFA /* Frameworks */ = {
			isa = PBXGroup;
			children = (
				751CD2B94313B7B294D7C951 /* Pods_Moody.framework */,
			);
			name = Frameworks;
			sourceTree = "<group>";
		};
/* End PBXGroup section */

/* Begin PBXNativeTarget section */
		B14CDB60209D15BA002275B6 /* Moody */ = {
			isa = PBXNativeTarget;
			buildConfigurationList = B14CDB73209D15BC002275B6 /* Build configuration list for PBXNativeTarget "Moody" */;
			buildPhases = (
				2411A97A73F53D11FC8B013E /* [CP] Check Pods Manifest.lock */,
				B14CDB5D209D15BA002275B6 /* Sources */,
				B14CDB5E209D15BA002275B6 /* Frameworks */,
				B14CDB5F209D15BA002275B6 /* Resources */,
				239E70F75EA4ACB7421430C3 /* [CP] Embed Pods Frameworks */,
			);
			buildRules = (
			);
			dependencies = (
			);
			name = Moody;
			productName = Moody;
			productReference = B14CDB61209D15BA002275B6 /* Moody.app */;
			productType = "com.apple.product-type.application";
		};
/* End PBXNativeTarget section */

/* Begin PBXProject section */
		B14CDB59209D15BA002275B6 /* Project object */ = {
			isa = PBXProject;
			attributes = {
				LastSwiftUpdateCheck = 0930;
				LastUpgradeCheck = 0930;
				ORGANIZATIONNAME = "S Pinar Unsal";
				TargetAttributes = {
					B14CDB60209D15BA002275B6 = {
						CreatedOnToolsVersion = 9.3;
					};
				};
			};
			buildConfigurationList = B14CDB5C209D15BA002275B6 /* Build configuration list for PBXProject "Moody" */;
			compatibilityVersion = "Xcode 9.3";
			developmentRegion = en;
			hasScannedForEncodings = 0;
			knownRegions = (
				en,
				Base,
			);
			mainGroup = B14CDB58209D15BA002275B6;
			productRefGroup = B14CDB62209D15BA002275B6 /* Products */;
			projectDirPath = "";
			projectRoot = "";
			targets = (
				B14CDB60209D15BA002275B6 /* Moody */,
			);
		};
/* End PBXProject section */

/* Begin PBXResourcesBuildPhase section */
		B14CDB5F209D15BA002275B6 /* Resources */ = {
			isa = PBXResourcesBuildPhase;
			buildActionMask = 2147483647;
			files = (
				B14CDB6F209D15BC002275B6 /* LaunchScreen.storyboard in Resources */,
				B14CDB6C209D15BC002275B6 /* Assets.xcassets in Resources */,
				B1E570D820A14815008483C4 /* CustomMessageCell.xib in Resources */,
				B14CDB6A209D15BA002275B6 /* Main.storyboard in Resources */,
			);
			runOnlyForDeploymentPostprocessing = 0;
		};
/* End PBXResourcesBuildPhase section */

/* Begin PBXShellScriptBuildPhase section */
		239E70F75EA4ACB7421430C3 /* [CP] Embed Pods Frameworks */ = {
			isa = PBXShellScriptBuildPhase;
			buildActionMask = 2147483647;
			files = (
			);
			inputPaths = (
				"${SRCROOT}/Pods/Target Support Files/Pods-Moody/Pods-Moody-frameworks.sh",
				"${BUILT_PRODUCTS_DIR}/Alamofire/Alamofire.framework",
				"${BUILT_PRODUCTS_DIR}/SVProgressHUD/SVProgressHUD.framework",
				"${BUILT_PRODUCTS_DIR}/SwiftyJSON/SwiftyJSON.framework",
			);
			name = "[CP] Embed Pods Frameworks";
			outputPaths = (
				"${TARGET_BUILD_DIR}/${FRAMEWORKS_FOLDER_PATH}/Alamofire.framework",
				"${TARGET_BUILD_DIR}/${FRAMEWORKS_FOLDER_PATH}/SVProgressHUD.framework",
				"${TARGET_BUILD_DIR}/${FRAMEWORKS_FOLDER_PATH}/SwiftyJSON.framework",
			);
			runOnlyForDeploymentPostprocessing = 0;
			shellPath = /bin/sh;
			shellScript = "\"${SRCROOT}/Pods/Target Support Files/Pods-Moody/Pods-Moody-frameworks.sh\"\n";
			showEnvVarsInLog = 0;
		};
		2411A97A73F53D11FC8B013E /* [CP] Check Pods Manifest.lock */ = {
			isa = PBXShellScriptBuildPhase;
			buildActionMask = 2147483647;
			files = (
			);
			inputPaths = (
				"${PODS_PODFILE_DIR_PATH}/Podfile.lock",
				"${PODS_ROOT}/Manifest.lock",
			);
			name = "[CP] Check Pods Manifest.lock";
			outputPaths = (
				"$(DERIVED_FILE_DIR)/Pods-Moody-checkManifestLockResult.txt",
			);
			runOnlyForDeploymentPostprocessing = 0;
			shellPath = /bin/sh;
			shellScript = "diff \"${PODS_PODFILE_DIR_PATH}/Podfile.lock\" \"${PODS_ROOT}/Manifest.lock\" > /dev/null\nif [ $? != 0 ] ; then\n    # print error to STDERR\n    echo \"error: The sandbox is not in sync with the Podfile.lock. Run 'pod install' or update your CocoaPods installation.\" >&2\n    exit 1\nfi\n# This output is used by Xcode 'outputs' to avoid re-running this script phase.\necho \"SUCCESS\" > \"${SCRIPT_OUTPUT_FILE_0}\"\n";
			showEnvVarsInLog = 0;
		};
/* End PBXShellScriptBuildPhase section */

/* Begin PBXSourcesBuildPhase section */
		B14CDB5D209D15BA002275B6 /* Sources */ = {
			isa = PBXSourcesBuildPhase;
			buildActionMask = 2147483647;
			files = (
				B1E570D720A14815008483C4 /* CustomMessageCell.swift in Sources */,
				B1E570DA20A5243C008483C4 /* WeatherViewController.swift in Sources */,
				B18DBEE620AB86D80077B2BC /* CollectionViewCell.swift in Sources */,
				B14CDB65209D15BA002275B6 /* AppDelegate.swift in Sources */,
				B14CDB7B209D1747002275B6 /* WeatherDataModel.swift in Sources */,
				B14CDB7E209D3B1B002275B6 /* ChangeCityViewController.swift in Sources */,
			);
			runOnlyForDeploymentPostprocessing = 0;
		};
/* End PBXSourcesBuildPhase section */

/* Begin PBXVariantGroup section */
		B14CDB68209D15BA002275B6 /* Main.storyboard */ = {
			isa = PBXVariantGroup;
			children = (
				B14CDB69209D15BA002275B6 /* Base */,
			);
			name = Main.storyboard;
			sourceTree = "<group>";
		};
		B14CDB6D209D15BC002275B6 /* LaunchScreen.storyboard */ = {
			isa = PBXVariantGroup;
			children = (
				B14CDB6E209D15BC002275B6 /* Base */,
			);
			name = LaunchScreen.storyboard;
			sourceTree = "<group>";
		};
/* End PBXVariantGroup section */

/* Begin XCBuildConfiguration section */
		B14CDB71209D15BC002275B6 /* Debug */ = {
			isa = XCBuildConfiguration;
			buildSettings = {
				ALWAYS_SEARCH_USER_PATHS = NO;
				CLANG_ANALYZER_NONNULL = YES;
				CLANG_ANALYZER_NUMBER_OBJECT_CONVERSION = YES_AGGRESSIVE;
				CLANG_CXX_LANGUAGE_STANDARD = "gnu++14";
				CLANG_CXX_LIBRARY = "libc++";
				CLANG_ENABLE_MODULES = YES;
				CLANG_ENABLE_OBJC_ARC = YES;
				CLANG_ENABLE_OBJC_WEAK = YES;
				CLANG_WARN_BLOCK_CAPTURE_AUTORELEASING = YES;
				CLANG_WARN_BOOL_CONVERSION = YES;
				CLANG_WARN_COMMA = YES;
				CLANG_WARN_CONSTANT_CONVERSION = YES;
				CLANG_WARN_DEPRECATED_OBJC_IMPLEMENTATIONS = YES;
				CLANG_WARN_DIRECT_OBJC_ISA_USAGE = YES_ERROR;
				CLANG_WARN_DOCUMENTATION_COMMENTS = YES;
				CLANG_WARN_EMPTY_BODY = YES;
				CLANG_WARN_ENUM_CONVERSION = YES;
				CLANG_WARN_INFINITE_RECURSION = YES;
				CLANG_WARN_INT_CONVERSION = YES;
				CLANG_WARN_NON_LITERAL_NULL_CONVERSION = YES;
				CLANG_WARN_OBJC_IMPLICIT_RETAIN_SELF = YES;
				CLANG_WARN_OBJC_LITERAL_CONVERSION = YES;
				CLANG_WARN_OBJC_ROOT_CLASS = YES_ERROR;
				CLANG_WARN_RANGE_LOOP_ANALYSIS = YES;
				CLANG_WARN_STRICT_PROTOTYPES = YES;
				CLANG_WARN_SUSPICIOUS_MOVE = YES;
				CLANG_WARN_UNGUARDED_AVAILABILITY = YES_AGGRESSIVE;
				CLANG_WARN_UNREACHABLE_CODE = YES;
				CLANG_WARN__DUPLICATE_METHOD_MATCH = YES;
				CODE_SIGN_IDENTITY = "iPhone Developer";
				COPY_PHASE_STRIP = NO;
				DEBUG_INFORMATION_FORMAT = dwarf;
				ENABLE_STRICT_OBJC_MSGSEND = YES;
				ENABLE_TESTABILITY = YES;
				GCC_C_LANGUAGE_STANDARD = gnu11;
				GCC_DYNAMIC_NO_PIC = NO;
				GCC_NO_COMMON_BLOCKS = YES;
				GCC_OPTIMIZATION_LEVEL = 0;
				GCC_PREPROCESSOR_DEFINITIONS = (
					"DEBUG=1",
					"$(inherited)",
				);
				GCC_WARN_64_TO_32_BIT_CONVERSION = YES;
				GCC_WARN_ABOUT_RETURN_TYPE = YES_ERROR;
				GCC_WARN_UNDECLARED_SELECTOR = YES;
				GCC_WARN_UNINITIALIZED_AUTOS = YES_AGGRESSIVE;
				GCC_WARN_UNUSED_FUNCTION = YES;
				GCC_WARN_UNUSED_VARIABLE = YES;
				IPHONEOS_DEPLOYMENT_TARGET = 11.3;
				MTL_ENABLE_DEBUG_INFO = YES;
				ONLY_ACTIVE_ARCH = YES;
				SDKROOT = iphoneos;
				SWIFT_ACTIVE_COMPILATION_CONDITIONS = DEBUG;
				SWIFT_OPTIMIZATION_LEVEL = "-Onone";
			};
			name = Debug;
		};
		B14CDB72209D15BC002275B6 /* Release */ = {
			isa = XCBuildConfiguration;
			buildSettings = {
				ALWAYS_SEARCH_USER_PATHS = NO;
				CLANG_ANALYZER_NONNULL = YES;
				CLANG_ANALYZER_NUMBER_OBJECT_CONVERSION = YES_AGGRESSIVE;
				CLANG_CXX_LANGUAGE_STANDARD = "gnu++14";
				CLANG_CXX_LIBRARY = "libc++";
				CLANG_ENABLE_MODULES = YES;
				CLANG_ENABLE_OBJC_ARC = YES;
				CLANG_ENABLE_OBJC_WEAK = YES;
				CLANG_WARN_BLOCK_CAPTURE_AUTORELEASING = YES;
				CLANG_WARN_BOOL_CONVERSION = YES;
				CLANG_WARN_COMMA = YES;
				CLANG_WARN_CONSTANT_CONVERSION = YES;
				CLANG_WARN_DEPRECATED_OBJC_IMPLEMENTATIONS = YES;
				CLANG_WARN_DIRECT_OBJC_ISA_USAGE = YES_ERROR;
				CLANG_WARN_DOCUMENTATION_COMMENTS = YES;
				CLANG_WARN_EMPTY_BODY = YES;
				CLANG_WARN_ENUM_CONVERSION = YES;
				CLANG_WARN_INFINITE_RECURSION = YES;
				CLANG_WARN_INT_CONVERSION = YES;
				CLANG_WARN_NON_LITERAL_NULL_CONVERSION = YES;
				CLANG_WARN_OBJC_IMPLICIT_RETAIN_SELF = YES;
				CLANG_WARN_OBJC_LITERAL_CONVERSION = YES;
				CLANG_WARN_OBJC_ROOT_CLASS = YES_ERROR;
				CLANG_WARN_RANGE_LOOP_ANALYSIS = YES;
				CLANG_WARN_STRICT_PROTOTYPES = YES;
				CLANG_WARN_SUSPICIOUS_MOVE = YES;
				CLANG_WARN_UNGUARDED_AVAILABILITY = YES_AGGRESSIVE;
				CLANG_WARN_UNREACHABLE_CODE = YES;
				CLANG_WARN__DUPLICATE_METHOD_MATCH = YES;
				CODE_SIGN_IDENTITY = "iPhone Developer";
				COPY_PHASE_STRIP = NO;
				DEBUG_INFORMATION_FORMAT = "dwarf-with-dsym";
				ENABLE_NS_ASSERTIONS = NO;
				ENABLE_STRICT_OBJC_MSGSEND = YES;
				GCC_C_LANGUAGE_STANDARD = gnu11;
				GCC_NO_COMMON_BLOCKS = YES;
				GCC_WARN_64_TO_32_BIT_CONVERSION = YES;
				GCC_WARN_ABOUT_RETURN_TYPE = YES_ERROR;
				GCC_WARN_UNDECLARED_SELECTOR = YES;
				GCC_WARN_UNINITIALIZED_AUTOS = YES_AGGRESSIVE;
				GCC_WARN_UNUSED_FUNCTION = YES;
				GCC_WARN_UNUSED_VARIABLE = YES;
				IPHONEOS_DEPLOYMENT_TARGET = 11.3;
				MTL_ENABLE_DEBUG_INFO = NO;
				SDKROOT = iphoneos;
				SWIFT_COMPILATION_MODE = wholemodule;
				SWIFT_OPTIMIZATION_LEVEL = "-O";
				VALIDATE_PRODUCT = YES;
			};
			name = Release;
		};
		B14CDB74209D15BC002275B6 /* Debug */ = {
			isa = XCBuildConfiguration;
			baseConfigurationReference = B5717F6E1285F9940E0B0670 /* Pods-Moody.debug.xcconfig */;
			buildSettings = {
				ASSETCATALOG_COMPILER_APPICON_NAME = AppIcon;
				CODE_SIGN_STYLE = Automatic;
				DEVELOPMENT_TEAM = BLQX63456U;
				INFOPLIST_FILE = "$(SRCROOT)/Moody/Supporting Files/Info.plist";
				IPHONEOS_DEPLOYMENT_TARGET = 11.0;
				LD_RUNPATH_SEARCH_PATHS = (
					"$(inherited)",
					"@executable_path/Frameworks",
				);
				PRODUCT_BUNDLE_IDENTIFIER = com.spinarunsal.Moody;
				PRODUCT_NAME = "$(TARGET_NAME)";
				SWIFT_VERSION = 4.0;
				TARGETED_DEVICE_FAMILY = "1,2";
			};
			name = Debug;
		};
		B14CDB75209D15BC002275B6 /* Release */ = {
			isa = XCBuildConfiguration;
			baseConfigurationReference = 8599A003B02D58C6958E1BE0 /* Pods-Moody.release.xcconfig */;
			buildSettings = {
				ASSETCATALOG_COMPILER_APPICON_NAME = AppIcon;
				CODE_SIGN_STYLE = Automatic;
				DEVELOPMENT_TEAM = BLQX63456U;
				INFOPLIST_FILE = "$(SRCROOT)/Moody/Supporting Files/Info.plist";
				IPHONEOS_DEPLOYMENT_TARGET = 11.0;
				LD_RUNPATH_SEARCH_PATHS = (
					"$(inherited)",
					"@executable_path/Frameworks",
				);
				PRODUCT_BUNDLE_IDENTIFIER = com.spinarunsal.Moody;
				PRODUCT_NAME = "$(TARGET_NAME)";
				SWIFT_VERSION = 4.0;
				TARGETED_DEVICE_FAMILY = "1,2";
			};
			name = Release;
		};
/* End XCBuildConfiguration section */

/* Begin XCConfigurationList section */
		B14CDB5C209D15BA002275B6 /* Build configuration list for PBXProject "Moody" */ = {
			isa = XCConfigurationList;
			buildConfigurations = (
				B14CDB71209D15BC002275B6 /* Debug */,
				B14CDB72209D15BC002275B6 /* Release */,
			);
			defaultConfigurationIsVisible = 0;
			defaultConfigurationName = Release;
		};
		B14CDB73209D15BC002275B6 /* Build configuration list for PBXNativeTarget "Moody" */ = {
			isa = XCConfigurationList;
			buildConfigurations = (
				B14CDB74209D15BC002275B6 /* Debug */,
				B14CDB75209D15BC002275B6 /* Release */,
			);
			defaultConfigurationIsVisible = 0;
			defaultConfigurationName = Release;
		};
/* End XCConfigurationList section */
	};
	rootObject = B14CDB59209D15BA002275B6 /* Project object */;
}
